{
  "name": "tazay-cte-contaspagar",
  "version": "0.1.0",
  "lockfileVersion": 3,
  "requires": true,
  "packages": {
    "": {
      "name": "tazay-cte-contaspagar",
      "version": "0.1.0",
      "devDependencies": {
        "@oondemand/create-central-oon": "0.3.66"
      }
    },
    "node_modules/@oondemand/create-central-oon": {
      "version": "0.3.66",
      "resolved": "https://registry.npmjs.org/@oondemand/create-central-oon/-/create-central-oon-0.3.66.tgz",
      "integrity": "sha512-bdJL0to/2e2USBSocq7ZgDVSKNQCPIJDE9Cuu9E2A1hMwGrUNMx1qN1/8BwJoJSL6us7PS150uvaAoPiU3Zv9w==",
      "dev": true,
      "license": "SEE LICENSE IN LICENSE",
      "bin": {
        "create-central-oon": "bin/cli.js",
        "scaffold-central-oon": "bin/cli.js"
      },
      "engines": {
        "node": ">=18"
      }
    }
  }
}
