{
  "name": "tazay-cte-contaspagar",
  "version": "0.1.0",
  "lockfileVersion": 3,
  "requires": true,
  "packages": {
    "": {
      "name": "tazay-cte-contaspagar",
      "version": "0.1.0",
      "devDependencies": {
        "@oondemand/create-central-oon": "0.3.65"
      }
    },
    "node_modules/@oondemand/create-central-oon": {
      "version": "0.3.65",
      "resolved": "https://registry.npmjs.org/@oondemand/create-central-oon/-/create-central-oon-0.3.65.tgz",
      "integrity": "sha512-fwbRk76OYzWpeCJNk+QakpwGGSxDkewJNexDk3JtH3KBMXF8AJ35+DjK7y1gizKfF9yu3GTbnH0eQeSxMKhh/Q==",
      "dev": true,
      "license": "SEE LICENSE IN LICENSE",
      "bin": {
        "create-central-oon": "bin/cli.js",
        "scaffold-central-oon": "bin/cli.js"
      },
      "engines": {
        "node": ">=18"
      }
    }
  }
}
