{
  "name": "tazay-cte-contaspagar",
  "version": "0.1.0",
  "lockfileVersion": 3,
  "requires": true,
  "packages": {
    "": {
      "name": "tazay-cte-contaspagar",
      "version": "0.1.0",
      "devDependencies": {
        "@oondemand/create-central-oon": "0.3.71"
      }
    },
    "node_modules/@oondemand/create-central-oon": {
      "version": "0.3.71",
      "resolved": "https://registry.npmjs.org/@oondemand/create-central-oon/-/create-central-oon-0.3.71.tgz",
      "integrity": "sha512-HPXQyU3k07apBdjyesDNR7D1GjEbpzANGNcDayKKaOsultgKxlqsyvJBEn8nKT78XiPK6mNS5t84HDh1ZqAmag==",
      "dev": true,
      "license": "SEE LICENSE IN LICENSE",
      "bin": {
        "create-central-oon": "bin/cli.js",
        "scaffold-central-oon": "bin/cli.js"
      },
      "engines": {
        "node": ">=18"
      }
    }
  }
}
